github.com/KKKZOZ/hugo-admonitions v0.10.0 h1:hgGlFuJJ+vKI/TDb4iAM1A5jaUu1TSMnvS1gMzrUl18=
github.com/KKKZOZ/hugo-admonitions v0.10.0/go.mod h1:4PsJAsqo3mS3VzAtDLa8k0ds+CJQUWZhAo9kLi1NRlM=
github.com/McShelby/hugo-theme-relearn v0.0.0-20250701094321-ef6b09f665f4 h1:1iZWyL0tfnT7hFNVDoTqz0sKYJk3f6a0jw6wwez3Q+s=
github.com/McShelby/hugo-theme-relearn v0.0.0-20250701094321-ef6b09f665f4/go.mod h1:mKQQdxZNIlLvAj8X3tMq+RzntIJSr9z7XdzuMomt0IM=
